# This file is automatically @generated by Cargo.
# It is not intended for manual editing.
version = 3

[[package]]
name = "mod_a"
version = "0.1.0"
dependencies = [
 "mokio",
 "rubicon",
 "soprintln",
]

[[package]]
name = "mokio"
version = "0.1.0"
dependencies = [
 "rubicon",
]

[[package]]
name = "paste"
version = "1.0.15"
source = "registry+https://github.com/rust-lang/crates.io-index"
checksum = "57c0d7b74b563b49d38dae00a0c37d4d6de9b432382b2892f0574ddcae73fd0a"

[[package]]
name = "rubicon"
version = "3.0.1"
dependencies = [
 "paste",
]

[[package]]
name = "soprintln"
version = "3.2.0"
source = "registry+https://github.com/rust-lang/crates.io-index"
checksum = "2cc96941d6cac2e2654f62398ae8319ff55a730d6ee2edc78d112f37e5507613"
